# THIS IS AN AUTOGENERATED FILE. DO NOT EDIT THIS FILE DIRECTLY.
# yarn lockfile v1


"@xml-tools/parser@^1.0.11":
  version "1.0.11"
  resolved "https://registry.yarnpkg.com/@xml-tools/parser/-/parser-1.0.11.tgz#a118a14099ea5c3c537e4781fad2fc195b57f8ff"
  integrity sha512-aKqQ077XnR+oQtHJlrAflaZaL7qZsulWc/i/ZEooar5JiWj1eLt0+Wg28cpa+XLney107wXqneC+oG1IZvxkTA==
  dependencies:
    chevrotain "7.1.1"

chevrotain@7.1.1:
  version "7.1.1"
  resolved "https://registry.yarnpkg.com/chevrotain/-/chevrotain-7.1.1.tgz#5122814eafd1585a9601f9180a7be9c42d5699c6"
  integrity sha512-wy3mC1x4ye+O+QkEinVJkPf5u2vsrDIYW9G7ZuwFl6v/Yu0LwUuT2POsb+NUWApebyxfkQq6+yDfRExbnI5rcw==
  dependencies:
    regexp-to-ast "0.5.0"

prettier@^3.6.2:
  version "3.6.2"
  resolved "https://registry.yarnpkg.com/prettier/-/prettier-3.6.2.tgz#ccda02a1003ebbb2bfda6f83a074978f608b9393"
  integrity sha512-I7AIg5boAr5R0FFtJ6rCfD+LFsWHp81dolrFD8S79U9tb8Az2nGrJncnMSnys+bpQJfRUzqs9hnA81OAA3hCuQ==

regexp-to-ast@0.5.0:
  version "0.5.0"
  resolved "https://registry.yarnpkg.com/regexp-to-ast/-/regexp-to-ast-0.5.0.tgz#56c73856bee5e1fef7f73a00f1473452ab712a24"
  integrity sha512-tlbJqcMHnPKI9zSrystikWKwHkBqu2a/Sgw01h3zFjvYrMxEDYHzzoMZnUrbIfpTFEsoRnnviOXNCzFiSc54Qw==

typescript@^5.9.3:
  version "5.9.3"
  resolved "https://registry.yarnpkg.com/typescript/-/typescript-5.9.3.tgz#5b4f59e15310ab17a216f5d6cf53ee476ede670f"
  integrity sha512-jl1vZzPDinLr9eUt3J/t7V6FgNEw9QjvBPdysz9KfQDD41fQrC2Y4vKQdiaUpFT4bXlb1RHhLpp8wtm6M5TgSw==
